NeoBundleLock L9 c822b05ee0886f9a9703227dc85a6d47612c4bf1
NeoBundleLock PHP-Indenting-for-VIm b7cdda2996142c6afd8202e3b1c8da97632b6711
NeoBundleLock ScrollColors 2ce50b9e0d811456b7627cf81197ea9d68f9e667
NeoBundleLock TabBar c5a9f41c45959e5573ff4723f56a0dfbd4845308
NeoBundleLock YankRing.vim a884f3a161fa3cd8c996eb53a3d1c68631f60c21
NeoBundleLock ag.vim e70862d6436e8d7e9166208a703b5d60a5b384ab
NeoBundleLock badwolf e6fdf1844ac7fe9f479f93846081f9294eb992c0
NeoBundleLock bufkill.vim 1beec8127b6b03ea931b8e9e973b65bb1e2d7cb0
NeoBundleLock ctrlp.vim b5d3fe66a58a13d2ff8b6391f4387608496a030f
NeoBundleLock delimitMate d24ad6b301685cd3b9278420248cc780fdc8fc59
NeoBundleLock editorconfig-vim b273e4d10603d5767c58a4bc54152492602639ae
NeoBundleLock grep.vim 852ddb0c6590bbc41c508d7f5d2fc17112492def
NeoBundleLock ir_black 4e45f1cbcc9c04cf32c8681c6b3b4534a33610ed
NeoBundleLock js-beautify cb0f3a8dea5089a012eee76deccd99128319b80e
NeoBundleLock keepcase.vim 00e2bfd0b4617077a03ffc9cb8637994fb318c89
NeoBundleLock matchit.zip ced6c409c9beeb0b4142d21906606bd194411d1d
NeoBundleLock mru.vim 9f25db66393a6467fae0ac04ae6565e8471023c3
NeoBundleLock neobundle.vim c37a56100afde3ea5b06031735bb5c8e9fc7db3e
NeoBundleLock neocomplete.vim 28386c3cb00f890369d3be0f810cbf908d68866f
NeoBundleLock nerdcommenter 6549cfde45339bd4f711504196ff3e8b766ef5e6
NeoBundleLock nerdtree af85499edace2acca27ce41790ac333f62b689bb
NeoBundleLock pdv 1e98b87f13184e666f58896ff3c5ac5a08b8736a
NeoBundleLock tagbar 399b75256ac7333d7119d11047f6b3aff8fa2828
NeoBundleLock ultisnips 188e00f7b87297ea7737f9494d531c7073637332
NeoBundleLock unite.vim b4b2545db1ad304ad7f94088d7130658395a6e97
NeoBundleLock vim-airline 491b3335cd20691ec2e1227faee2d04c3e176d8a
NeoBundleLock vim-colorschemes 81c6dd7ce3169e5ad9ba92422ba6e1ce5b074e36
NeoBundleLock vim-css-color a06205afec0797266604d4ac10a488c14ca88d4e
NeoBundleLock vim-easymotion 9f1c449edfce6d61c7f620e3a9c1389b7b7e334f
NeoBundleLock vim-easytags a339a8c4409f547e3e2bfd1e1c48975536935b46
NeoBundleLock vim-endwise bba43b831ae0485cf9b86d16340a6a314b927391
NeoBundleLock vim-fugitive 935a2cccd3065b1322fb2235285d42728600afdf
NeoBundleLock vim-gitgutter 339f8ba079ed7d465ca442c9032b36bc56c21f61
NeoBundleLock vim-indexed-search 4e5e0fe0a18c63ee578b9954290b3f43b39cc98d
NeoBundleLock vim-javascript 8a409f7fd89de746296a92218183dc69fb6e3d93
NeoBundleLock vim-javascript-syntax 8066c375aa911bd225e07f6d8d5c8661702eec75
NeoBundleLock vim-jsbeautify 63fbdb2664b1c6dac8939ad2d37304561bf75f6e
NeoBundleLock vim-json f5e3181d0b33a9c51377bb7ea8492feddca8b503
NeoBundleLock vim-misc 8076e726cc3953265353667f1fd1eec9d6767af6
NeoBundleLock vim-php-namespace 9a1c88cd14162f61a3535d514b5d07a1e4f12805
NeoBundleLock vim-php-refactoring-toolbox 740a10d5695c4cea3a114767b5490fe7944f1696
NeoBundleLock vim-phpqa 7bba1b900e4c2190d559286dc05b4155b8ebffe9
NeoBundleLock vim-project 3f9c69f48293dcef67c5eef5b1846eb538431a1e
NeoBundleLock vim-puppet d881b93dc4a8ed1374ad44439aeeb47808a6b91a
NeoBundleLock vim-snippets f11ec0bf184d8e54ae47f41205c64f3750ff2732
NeoBundleLock vim-sparkup 1375ce1e7abc01c76b5a3528265b8b976d8cc8d8
NeoBundleLock vim-surround 772ab9587b7d1e2c3bae75395c9123803059ba8a
NeoBundleLock vim-syntax-for-PHP bccbdf90e6d66ec07d3cf8755168a9486025d821
NeoBundleLock vim-twig 69acd8d4386727affa345d39ea42d149771c2647
NeoBundleLock vim-unimpaired 3548479cc154154cbdbb6737ca08a47937cc7113
NeoBundleLock vimproc.vim c286dcbdfca9e0ee1a4cb90f09c3f03638112f5a
NeoBundleLock vmustache 1de56aeb69549bad7f0b108da02ff06f99c59e60
