NeoBundleLock L9 c822b05ee0886f9a9703227dc85a6d47612c4bf1
NeoBundleLock PHP-Indenting-for-VIm b7cdda2996142c6afd8202e3b1c8da97632b6711
NeoBundleLock ScrollColors 2ce50b9e0d811456b7627cf81197ea9d68f9e667
NeoBundleLock TabBar c5a9f41c45959e5573ff4723f56a0dfbd4845308
NeoBundleLock YankRing.vim a884f3a161fa3cd8c996eb53a3d1c68631f60c21
NeoBundleLock YouCompleteMe 83fb8b8a15a734e8971245ad48fb5c11c67e8e18
NeoBundleLock ag.vim f05f31352689be245611c893b37652110f27a2c5
NeoBundleLock badwolf e6fdf1844ac7fe9f479f93846081f9294eb992c0
NeoBundleLock bufkill.vim 1beec8127b6b03ea931b8e9e973b65bb1e2d7cb0
NeoBundleLock ctrlp.vim b5d3fe66a58a13d2ff8b6391f4387608496a030f
NeoBundleLock delimitMate c78a6e6d937333fed276bddc4589f6313e277a8e
NeoBundleLock editorconfig-vim 3a730ac7459ed4dab897d3ec9ad31898b8fcb746
NeoBundleLock grep.vim 852ddb0c6590bbc41c508d7f5d2fc17112492def
NeoBundleLock ir_black 4e45f1cbcc9c04cf32c8681c6b3b4534a33610ed
NeoBundleLock js-beautify cb0f3a8dea5089a012eee76deccd99128319b80e
NeoBundleLock keepcase.vim 00e2bfd0b4617077a03ffc9cb8637994fb318c89
NeoBundleLock matchit.zip ced6c409c9beeb0b4142d21906606bd194411d1d
NeoBundleLock mru.vim 9f25db66393a6467fae0ac04ae6565e8471023c3
NeoBundleLock neobundle.vim da586948ea027442d6c1b724e3b8c0937e224454
NeoBundleLock nerdcommenter 6549cfde45339bd4f711504196ff3e8b766ef5e6
NeoBundleLock nerdtree 3b98a7fcae8f9fff356907171f0406ff8cd28921
NeoBundleLock pdv 1e98b87f13184e666f58896ff3c5ac5a08b8736a
NeoBundleLock tagbar c6b473f5593a1cb9e567bb1a9a897f196f1f720a
NeoBundleLock ultisnips 62a96bb05d9aead4c3d86040bcb9f1753988639a
NeoBundleLock unite.vim 774d04d39f663d65cd3a97c60fd6d2f8cc5a5686
NeoBundleLock vim-airline f45ecdac15d99ed2354873a8b4d40432fd0a85a3
NeoBundleLock vim-colorschemes 81c6dd7ce3169e5ad9ba92422ba6e1ce5b074e36
NeoBundleLock vim-css-color a06205afec0797266604d4ac10a488c14ca88d4e
NeoBundleLock vim-easymotion 8acdfc60e58bb0600ded42a4f752bec6e3b6d882
NeoBundleLock vim-easytags a339a8c4409f547e3e2bfd1e1c48975536935b46
NeoBundleLock vim-endwise bba43b831ae0485cf9b86d16340a6a314b927391
NeoBundleLock vim-fugitive 4cc201cbe3a0c3faa4cde1b82ba941d410e5e81c
NeoBundleLock vim-gitgutter e098491906c4e6d8a2a4d10ab60b91570eb81113
NeoBundleLock vim-indexed-search c22a6dfe57c5104cbf0b5058b85825262afc0334
NeoBundleLock vim-javascript 8a409f7fd89de746296a92218183dc69fb6e3d93
NeoBundleLock vim-javascript-syntax 82cb62c8982c825eaeeefe84a7a77cb86e33a242
NeoBundleLock vim-jsbeautify 6b6b023e6b804640da52f5a8567324907e0c9c0e
NeoBundleLock vim-json 994a031bbfe107f065a831310b9239f281690e3e
NeoBundleLock vim-misc 14ddee7bb3e4f921276273b3b9e85da1996ee65a
NeoBundleLock vim-php-namespace 9a1c88cd14162f61a3535d514b5d07a1e4f12805
NeoBundleLock vim-phpqa 7bba1b900e4c2190d559286dc05b4155b8ebffe9
NeoBundleLock vim-project 3f9c69f48293dcef67c5eef5b1846eb538431a1e
NeoBundleLock vim-puppet d881b93dc4a8ed1374ad44439aeeb47808a6b91a
NeoBundleLock vim-snippets f11ec0bf184d8e54ae47f41205c64f3750ff2732
NeoBundleLock vim-sparkup 1375ce1e7abc01c76b5a3528265b8b976d8cc8d8
NeoBundleLock vim-surround 772ab9587b7d1e2c3bae75395c9123803059ba8a
NeoBundleLock vim-syntax-for-PHP bccbdf90e6d66ec07d3cf8755168a9486025d821
NeoBundleLock vim-twig 69acd8d4386727affa345d39ea42d149771c2647
NeoBundleLock vim-unimpaired 3548479cc154154cbdbb6737ca08a47937cc7113
NeoBundleLock vimproc.vim 0f68bcd93399ecbcde3eaa4efd09107314c9bdee
NeoBundleLock vmustache 1de56aeb69549bad7f0b108da02ff06f99c59e60
