NeoBundleLock ctrlp.vim b5d3fe66a58a13d2ff8b6391f4387608496a030f
NeoBundleLock unite.vim ed765879071263968914d436e1f887e67abc89b1
NeoBundleLock vimproc.vim 9baa1ca5deeab9687b987b336507a9c531faa5f6
NeoBundleLock vim-jsbeautify fdd1ba055c5639cd9a60eb7848c4344e0070149b
NeoBundleLock vim-twig 25b253ca3bcc6fd0aaa8848d7ade5509a3756df7
NeoBundleLock tagbar bfc121dc38271ab3f050609bb2ca377de07d8bd6
NeoBundleLock vim-javascript-syntax 386c24a265ebb7bc3891e5f698ca1c7d64486e7d
NeoBundleLock nerdcommenter 6549cfde45339bd4f711504196ff3e8b766ef5e6
NeoBundleLock vim-php-namespace 9a1c88cd14162f61a3535d514b5d07a1e4f12805
NeoBundleLock vim-javascript 977e220b371938b81acb728eee36987c6fe4034a
NeoBundleLock vim-indexed-search e983774bacc03f4dd633bb9fd923db2c8e3ad254
NeoBundleLock vim-colorschemes 81c6dd7ce3169e5ad9ba92422ba6e1ce5b074e36
NeoBundleLock ir_black 4e45f1cbcc9c04cf32c8681c6b3b4534a33610ed
NeoBundleLock vim-project 3f9c69f48293dcef67c5eef5b1846eb538431a1e
NeoBundleLock vim-surround fa433e0b7330753688f715f3be5d10dc480f20e5
NeoBundleLock ack.vim 303bceff1c8ab1145d114083582b1aeac9de7a85
NeoBundleLock pdv 1e98b87f13184e666f58896ff3c5ac5a08b8736a
NeoBundleLock matchit.zip ced6c409c9beeb0b4142d21906606bd194411d1d
NeoBundleLock vim-fugitive 2c8461db084d205903a792a23163faa546f143c9
NeoBundleLock ultisnips 67630f4aea1c77a7b74a5f922d93c751fbfd53d4
NeoBundleLock ScrollColors 2ce50b9e0d811456b7627cf81197ea9d68f9e667
NeoBundleLock vim-json 427d9700ac2bf4822dff6ba8a95ad019e855ec17
NeoBundleLock nerdtree 3b98a7fcae8f9fff356907171f0406ff8cd28921
NeoBundleLock vim-css-color 6fb8960f311531ec2db3070207112d069dc45381
NeoBundleLock js-beautify 4e09eb070c5e791ce28c960485146c0629848c49
NeoBundleLock phpcomplete.vim 1fffeb24407e93298680dbb1c077736db1fa0f4b
NeoBundleLock mru.vim fefe767e05fbf8469ae9393d1cb9837f247e05e4
NeoBundleLock vim-sparkup 1375ce1e7abc01c76b5a3528265b8b976d8cc8d8
NeoBundleLock YankRing.vim a884f3a161fa3cd8c996eb53a3d1c68631f60c21
NeoBundleLock vim-phpqa f7224ea041c6de74e246b36b98b92672e5fb7997
NeoBundleLock badwolf e6fdf1844ac7fe9f479f93846081f9294eb992c0
NeoBundleLock vim-snippets e82994ff5ac8f65c01da72543727f29f7e100b38
NeoBundleLock vim-unimpaired 3548479cc154154cbdbb6737ca08a47937cc7113
NeoBundleLock L9 c822b05ee0886f9a9703227dc85a6d47612c4bf1
NeoBundleLock neobundle.vim a4c2ce81f007144e34a7064325d55b94beb04f0d
NeoBundleLock vim-airline 401ce611c6f9b9e8be0857cf6094604033e1b717
NeoBundleLock TabBar c5a9f41c45959e5573ff4723f56a0dfbd4845308
NeoBundleLock vmustache 1de56aeb69549bad7f0b108da02ff06f99c59e60
NeoBundleLock bufkill.vim 1beec8127b6b03ea931b8e9e973b65bb1e2d7cb0
NeoBundleLock neocomplete.vim 30069ef1d9449eb707d8eb06d029187cff5afc3b
NeoBundleLock php.vim 17b8b86a36e4cbb9aab3e26fa2a5c2df63ad3484
NeoBundleLock delimitMate fe1983cfa1cf0924ac9b2b8576255daffd36afbf
